PODS:
  - Capacitor (5.7.5):
    - CapacitorCordova
  - CapacitorApp (5.0.7):
    - Capacitor
  - CapacitorCordova (5.7.5)
  - CapacitorHaptics (5.0.7):
    - Capacitor
  - CapacitorKeyboard (5.0.8):
    - Capacitor
  - IonicEnterpriseIntune (4.0.0):
    - Capacitor

DEPENDENCIES:
  - "Capacitor (from `../../../../node_modules/.pnpm/@capacitor+ios@5.7.5_@capacitor+core@5.7.5/node_modules/@capacitor/ios`)"
  - "CapacitorApp (from `../../../../node_modules/.pnpm/@capacitor+app@5.0.7_@capacitor+core@5.7.5/node_modules/@capacitor/app`)"
  - "CapacitorCordova (from `../../../../node_modules/.pnpm/@capacitor+ios@5.7.5_@capacitor+core@5.7.5/node_modules/@capacitor/ios`)"
  - "CapacitorHaptics (from `../../../../node_modules/.pnpm/@capacitor+haptics@5.0.7_@capacitor+core@5.7.5/node_modules/@capacitor/haptics`)"
  - "CapacitorKeyboard (from `../../../../node_modules/.pnpm/@capacitor+keyboard@5.0.8_@capacitor+core@5.7.5/node_modules/@capacitor/keyboard`)"
  - "IonicEnterpriseIntune (from `../../../../node_modules/.pnpm/@ionic-enterprise+intune@file+packages+intune_@capacitor+core@5.7.5/node_modules/@ionic-enterprise/intune`)"

EXTERNAL SOURCES:
  Capacitor:
    :path: "../../../../node_modules/.pnpm/@capacitor+ios@5.7.5_@capacitor+core@5.7.5/node_modules/@capacitor/ios"
  CapacitorApp:
    :path: "../../../../node_modules/.pnpm/@capacitor+app@5.0.7_@capacitor+core@5.7.5/node_modules/@capacitor/app"
  CapacitorCordova:
    :path: "../../../../node_modules/.pnpm/@capacitor+ios@5.7.5_@capacitor+core@5.7.5/node_modules/@capacitor/ios"
  CapacitorHaptics:
    :path: "../../../../node_modules/.pnpm/@capacitor+haptics@5.0.7_@capacitor+core@5.7.5/node_modules/@capacitor/haptics"
  CapacitorKeyboard:
    :path: "../../../../node_modules/.pnpm/@capacitor+keyboard@5.0.8_@capacitor+core@5.7.5/node_modules/@capacitor/keyboard"
  IonicEnterpriseIntune:
    :path: "../../../../node_modules/.pnpm/@ionic-enterprise+intune@file+packages+intune_@capacitor+core@5.7.5/node_modules/@ionic-enterprise/intune"

SPEC CHECKSUMS:
  Capacitor: 7d42085cb786b2d3ea9ac8a17ebd7e3305be7b72
  CapacitorApp: 17fecd0e6cb23feafac7eb0939417389038b0979
  CapacitorCordova: c946a6052b547e1e185fc46862003f7b9130ead1
  CapacitorHaptics: 7c7c206f0c96a628fed073830c96d28c4b2e772e
  CapacitorKeyboard: aec619a578235c6ce279075009a2689c2cf5c42c
  IonicEnterpriseIntune: 8c07f800e23b4aa6f7620044c8dfff6c2e2c2add

PODFILE CHECKSUM: 07cfd2e0696f2f4a2cebca565784ecc1783863b7

COCOAPODS: 1.15.2
