PODS:
  - Capacitor (6.2.0):
    - CapacitorCordova
  - CapacitorApp (7.0.0):
    - Capacitor
  - CapacitorCordova (6.2.0)
  - CapacitorHaptics (7.0.0):
    - Capacitor
  - CapacitorKeyboard (7.0.0):
    - Capacitor
  - CapacitorStatusBar (7.0.0):
    - Capacitor
  - IonicEnterpriseIntune (7.0.0):
    - Capacitor
    - MSAL (~> 1.7.0)
  - MSAL (1.7.0):
    - MSAL/app-lib (= 1.7.0)
  - MSAL/app-lib (1.7.0)

DEPENDENCIES:
  - "Capacitor (from `../../../../node_modules/@capacitor/ios`)"
  - "CapacitorApp (from `../../node_modules/@capacitor/app`)"
  - "CapacitorCordova (from `../../../../node_modules/@capacitor/ios`)"
  - "CapacitorHaptics (from `../../node_modules/@capacitor/haptics`)"
  - "CapacitorKeyboard (from `../../node_modules/@capacitor/keyboard`)"
  - "CapacitorStatusBar (from `../../node_modules/@capacitor/status-bar`)"
  - IonicEnterpriseIntune (from `../../../intune`)

SPEC REPOS:
  trunk:
    - MSAL

EXTERNAL SOURCES:
  Capacitor:
    :path: "../../../../node_modules/@capacitor/ios"
  CapacitorApp:
    :path: "../../node_modules/@capacitor/app"
  CapacitorCordova:
    :path: "../../../../node_modules/@capacitor/ios"
  CapacitorHaptics:
    :path: "../../node_modules/@capacitor/haptics"
  CapacitorKeyboard:
    :path: "../../node_modules/@capacitor/keyboard"
  CapacitorStatusBar:
    :path: "../../node_modules/@capacitor/status-bar"
  IonicEnterpriseIntune:
    :path: "../../../intune"

SPEC CHECKSUMS:
  Capacitor: 05d35014f4425b0740fc8776481f6a369ad071bf
  CapacitorApp: 9cb31064a6c6bb2b1438583733a7bf45557fc1da
  CapacitorCordova: b33e7f4aa4ed105dd43283acdd940964374a87d9
  CapacitorHaptics: 7be406a91e4eb87287f321c6c68e1709d6837b3a
  CapacitorKeyboard: 4db71e694e7afb5d7c0be09b05495c19f7d6c914
  CapacitorStatusBar: a8c4c83ed2e973bdafb979e80e4b00d027832cb7
  IonicEnterpriseIntune: 92171fa3f360c0410e5b720121cccac5f03d04ac
  MSAL: 088bc688c1ce1a62f0d9c13905ddb31f8f1ac700

PODFILE CHECKSUM: 0bf20ccd05facd05f6b5f78377bb07ea94a00c15

COCOAPODS: 1.16.2
